
Microsoft Visual Studio Solution File, Format Version 12.00
# Visual Studio Version 17
VisualStudioVersion = 17.4.33205.214
MinimumVisualStudioVersion = 10.0.40219.1
Project("{FAE04EC0-301F-11D3-BF4B-00C04F79EFBC}") = "GraphApiBlazorServerApp", "GraphApiBlazorServerApp\GraphApiBlazorServerApp.csproj", "{99D3E510-D413-4218-9F1D-597F73D320E3}"
EndProject
Global
	GlobalSection(SolutionConfigurationPlatforms) = preSolution
		Debug|Any CPU = Debug|Any CPU
		Release|Any CPU = Release|Any CPU
	EndGlobalSection
	GlobalSection(ProjectConfigurationPlatforms) = postSolution
		{99D3E510-D413-4218-9F1D-597F73D320E3}.Debug|Any CPU.ActiveCfg = Debug|Any CPU
		{99D3E510-D413-4218-9F1D-597F73D320E3}.Debug|Any CPU.Build.0 = Debug|Any CPU
		{99D3E510-D413-4218-9F1D-597F73D320E3}.Release|Any CPU.ActiveCfg = Release|Any CPU
		{99D3E510-D413-4218-9F1D-597F73D320E3}.Release|Any CPU.Build.0 = Release|Any CPU
	EndGlobalSection
	GlobalSection(SolutionProperties) = preSolution
		HideSolutionNode = FALSE
	EndGlobalSection
	GlobalSection(ExtensibilityGlobals) = postSolution
		SolutionGuid = {413C09FF-8B75-4A26-A19E-63C92C82451C}
	EndGlobalSection
EndGlobal
